// !$*UTF8*$!
{
	archiveVersion = 1;
	classes = {
	};
	objectVersion = 55;
	objects = {

/* Begin PBXBuildFile section */
		D71B255A27DECD59009A0A97 /* AppDelegate.swift in Sources */ = {isa = PBXBuildFile; fileRef = D71B255927DECD59009A0A97 /* AppDelegate.swift */; };
		D71B255C27DECD59009A0A97 /* SceneDelegate.swift in Sources */ = {isa = PBXBuildFile; fileRef = D71B255B27DECD59009A0A97 /* SceneDelegate.swift */; };
		D71B255E27DECD59009A0A97 /* ViewController.swift in Sources */ = {isa = PBXBuildFile; fileRef = D71B255D27DECD59009A0A97 /* ViewController.swift */; };
		D71B256127DECD59009A0A97 /* Main.storyboard in Resources */ = {isa = PBXBuildFile; fileRef = D71B255F27DECD59009A0A97 /* Main.storyboard */; };
		D71B256327DECD59009A0A97 /* Assets.xcassets in Resources */ = {isa = PBXBuildFile; fileRef = D71B256227DECD59009A0A97 /* Assets.xcassets */; };
		D71B256627DECD59009A0A97 /* LaunchScreen.storyboard in Resources */ = {isa = PBXBuildFile; fileRef = D71B256427DECD59009A0A97 /* LaunchScreen.storyboard */; };
		D71B257427DED6FF009A0A97 /* ImageTableViewCell.swift in Sources */ = {isa = PBXBuildFile; fileRef = D71B257227DED6FF009A0A97 /* ImageTableViewCell.swift */; };
		D71B257527DED6FF009A0A97 /* ImageTableViewCell.xib in Resources */ = {isa = PBXBuildFile; fileRef = D71B257327DED6FF009A0A97 /* ImageTableViewCell.xib */; };
		D71B257727DEDDF4009A0A97 /* CodedTableViewCell.swift in Sources */ = {isa = PBXBuildFile; fileRef = D71B257627DEDDF4009A0A97 /* CodedTableViewCell.swift */; };
		D71B257927DEFAB1009A0A97 /* SimpleTableViewCell.swift in Sources */ = {isa = PBXBuildFile; fileRef = D71B257827DEFAB1009A0A97 /* SimpleTableViewCell.swift */; };
/* End PBXBuildFile section */

/* Begin PBXFileReference section */
		D71B255627DECD59009A0A97 /* MultipleCustomcells.app */ = {isa = PBXFileReference; explicitFileType = wrapper.application; includeInIndex = 0; path = MultipleCustomcells.app; sourceTree = BUILT_PRODUCTS_DIR; };
		D71B255927DECD59009A0A97 /* AppDelegate.swift */ = {isa = PBXFileReference; lastKnownFileType = sourcecode.swift; path = AppDelegate.swift; sourceTree = "<group>"; };
		D71B255B27DECD59009A0A97 /* SceneDelegate.swift */ = {isa = PBXFileReference; lastKnownFileType = sourcecode.swift; path = SceneDelegate.swift; sourceTree = "<group>"; };
		D71B255D27DECD59009A0A97 /* ViewController.swift */ = {isa = PBXFileReference; lastKnownFileType = sourcecode.swift; path = ViewController.swift; sourceTree = "<group>"; };
		D71B256027DECD59009A0A97 /* Base */ = {isa = PBXFileReference; lastKnownFileType = file.storyboard; name = Base; path = Base.lproj/Main.storyboard; sourceTree = "<group>"; };
		D71B256227DECD59009A0A97 /* Assets.xcassets */ = {isa = PBXFileReference; lastKnownFileType = folder.assetcatalog; path = Assets.xcassets; sourceTree = "<group>"; };
		D71B256527DECD59009A0A97 /* Base */ = {isa = PBXFileReference; lastKnownFileType = file.storyboard; name = Base; path = Base.lproj/LaunchScreen.storyboard; sourceTree = "<group>"; };
		D71B256727DECD59009A0A97 /* Info.plist */ = {isa = PBXFileReference; lastKnownFileType = text.plist.xml; path = Info.plist; sourceTree = "<group>"; };
		D71B257227DED6FF009A0A97 /* ImageTableViewCell.swift */ = {isa = PBXFileReference; lastKnownFileType = sourcecode.swift; path = ImageTableViewCell.swift; sourceTree = "<group>"; };
		D71B257327DED6FF009A0A97 /* ImageTableViewCell.xib */ = {isa = PBXFileReference; lastKnownFileType = file.xib; path = ImageTableViewCell.xib; sourceTree = "<group>"; };
		D71B257627DEDDF4009A0A97 /* CodedTableViewCell.swift */ = {isa = PBXFileReference; lastKnownFileType = sourcecode.swift; path = CodedTableViewCell.swift; sourceTree = "<group>"; };
		D71B257827DEFAB1009A0A97 /* SimpleTableViewCell.swift */ = {isa = PBXFileReference; lastKnownFileType = sourcecode.swift; path = SimpleTableViewCell.swift; sourceTree = "<group>"; };
/* End PBXFileReference section */

/* Begin PBXFrameworksBuildPhase section */
		D71B255327DECD59009A0A97 /* Frameworks */ = {
			isa = PBXFrameworksBuildPhase;
			buildActionMask = 2147483647;
			files = (
			);
			runOnlyForDeploymentPostprocessing = 0;
		};
/* End PBXFrameworksBuildPhase section */

/* Begin PBXGroup section */
		D71B254D27DECD59009A0A97 = {
			isa = PBXGroup;
			children = (
				D71B255827DECD59009A0A97 /* MultipleCustomcells */,
				D71B255727DECD59009A0A97 /* Products */,
			);
			sourceTree = "<group>";
		};
		D71B255727DECD59009A0A97 /* Products */ = {
			isa = PBXGroup;
			children = (
				D71B255627DECD59009A0A97 /* MultipleCustomcells.app */,
			);
			name = Products;
			sourceTree = "<group>";
		};
		D71B255827DECD59009A0A97 /* MultipleCustomcells */ = {
			isa = PBXGroup;
			children = (
				D71B256D27DED009009A0A97 /* ImageTableViewCell */,
				D71B255927DECD59009A0A97 /* AppDelegate.swift */,
				D71B255B27DECD59009A0A97 /* SceneDelegate.swift */,
				D71B255D27DECD59009A0A97 /* ViewController.swift */,
				D71B257627DEDDF4009A0A97 /* CodedTableViewCell.swift */,
				D71B257827DEFAB1009A0A97 /* SimpleTableViewCell.swift */,
				D71B255F27DECD59009A0A97 /* Main.storyboard */,
				D71B256227DECD59009A0A97 /* Assets.xcassets */,
				D71B256427DECD59009A0A97 /* LaunchScreen.storyboard */,
				D71B256727DECD59009A0A97 /* Info.plist */,
			);
			path = MultipleCustomcells;
			sourceTree = "<group>";
		};
		D71B256D27DED009009A0A97 /* ImageTableViewCell */ = {
			isa = PBXGroup;
			children = (
				D71B257227DED6FF009A0A97 /* ImageTableViewCell.swift */,
				D71B257327DED6FF009A0A97 /* ImageTableViewCell.xib */,
			);
			path = ImageTableViewCell;
			sourceTree = "<group>";
		};
/* End PBXGroup section */

/* Begin PBXNativeTarget section */
		D71B255527DECD59009A0A97 /* MultipleCustomcells */ = {
			isa = PBXNativeTarget;
			buildConfigurationList = D71B256A27DECD59009A0A97 /* Build configuration list for PBXNativeTarget "MultipleCustomcells" */;
			buildPhases = (
				D71B255227DECD59009A0A97 /* Sources */,
				D71B255327DECD59009A0A97 /* Frameworks */,
				D71B255427DECD59009A0A97 /* Resources */,
			);
			buildRules = (
			);
			dependencies = (
			);
			name = MultipleCustomcells;
			productName = MultipleCustomcells;
			productReference = D71B255627DECD59009A0A97 /* MultipleCustomcells.app */;
			productType = "com.apple.product-type.application";
		};
/* End PBXNativeTarget section */

/* Begin PBXProject section */
		D71B254E27DECD59009A0A97 /* Project object */ = {
			isa = PBXProject;
			attributes = {
				BuildIndependentTargetsInParallel = 1;
				LastSwiftUpdateCheck = 1320;
				LastUpgradeCheck = 1320;
				TargetAttributes = {
					D71B255527DECD59009A0A97 = {
						CreatedOnToolsVersion = 13.2.1;
					};
				};
			};
			buildConfigurationList = D71B255127DECD59009A0A97 /* Build configuration list for PBXProject "MultipleCustomcells" */;
			compatibilityVersion = "Xcode 13.0";
			developmentRegion = en;
			hasScannedForEncodings = 0;
			knownRegions = (
				en,
				Base,
			);
			mainGroup = D71B254D27DECD59009A0A97;
			productRefGroup = D71B255727DECD59009A0A97 /* Products */;
			projectDirPath = "";
			projectRoot = "";
			targets = (
				D71B255527DECD59009A0A97 /* MultipleCustomcells */,
			);
		};
/* End PBXProject section */

/* Begin PBXResourcesBuildPhase section */
		D71B255427DECD59009A0A97 /* Resources */ = {
			isa = PBXResourcesBuildPhase;
			buildActionMask = 2147483647;
			files = (
				D71B256627DECD59009A0A97 /* LaunchScreen.storyboard in Resources */,
				D71B257527DED6FF009A0A97 /* ImageTableViewCell.xib in Resources */,
				D71B256327DECD59009A0A97 /* Assets.xcassets in Resources */,
				D71B256127DECD59009A0A97 /* Main.storyboard in Resources */,
			);
			runOnlyForDeploymentPostprocessing = 0;
		};
/* End PBXResourcesBuildPhase section */

/* Begin PBXSourcesBuildPhase section */
		D71B255227DECD59009A0A97 /* Sources */ = {
			isa = PBXSourcesBuildPhase;
			buildActionMask = 2147483647;
			files = (
				D71B255E27DECD59009A0A97 /* ViewController.swift in Sources */,
				D71B257727DEDDF4009A0A97 /* CodedTableViewCell.swift in Sources */,
				D71B257427DED6FF009A0A97 /* ImageTableViewCell.swift in Sources */,
				D71B257927DEFAB1009A0A97 /* SimpleTableViewCell.swift in Sources */,
				D71B255A27DECD59009A0A97 /* AppDelegate.swift in Sources */,
				D71B255C27DECD59009A0A97 /* SceneDelegate.swift in Sources */,
			);
			runOnlyForDeploymentPostprocessing = 0;
		};
/* End PBXSourcesBuildPhase section */

/* Begin PBXVariantGroup section */
		D71B255F27DECD59009A0A97 /* Main.storyboard */ = {
			isa = PBXVariantGroup;
			children = (
				D71B256027DECD59009A0A97 /* Base */,
			);
			name = Main.storyboard;
			sourceTree = "<group>";
		};
		D71B256427DECD59009A0A97 /* LaunchScreen.storyboard */ = {
			isa = PBXVariantGroup;
			children = (
				D71B256527DECD59009A0A97 /* Base */,
			);
			name = LaunchScreen.storyboard;
			sourceTree = "<group>";
		};
/* End PBXVariantGroup section */

/* Begin XCBuildConfiguration section */
		D71B256827DECD59009A0A97 /* Debug */ = {
			isa = XCBuildConfiguration;
			buildSettings = {
				ALWAYS_SEARCH_USER_PATHS = NO;
				CLANG_ANALYZER_NONNULL = YES;
				CLANG_ANALYZER_NUMBER_OBJECT_CONVERSION = YES_AGGRESSIVE;
				CLANG_CXX_LANGUAGE_STANDARD = "gnu++17";
				CLANG_CXX_LIBRARY = "libc++";
				CLANG_ENABLE_MODULES = YES;
				CLANG_ENABLE_OBJC_ARC = YES;
				CLANG_ENABLE_OBJC_WEAK = YES;
				CLANG_WARN_BLOCK_CAPTURE_AUTORELEASING = YES;
				CLANG_WARN_BOOL_CONVERSION = YES;
				CLANG_WARN_COMMA = YES;
				CLANG_WARN_CONSTANT_CONVERSION = YES;
				CLANG_WARN_DEPRECATED_OBJC_IMPLEMENTATIONS = YES;
				CLANG_WARN_DIRECT_OBJC_ISA_USAGE = YES_ERROR;
				CLANG_WARN_DOCUMENTATION_COMMENTS = YES;
				CLANG_WARN_EMPTY_BODY = YES;
				CLANG_WARN_ENUM_CONVERSION = YES;
				CLANG_WARN_INFINITE_RECURSION = YES;
				CLANG_WARN_INT_CONVERSION = YES;
				CLANG_WARN_NON_LITERAL_NULL_CONVERSION = YES;
				CLANG_WARN_OBJC_IMPLICIT_RETAIN_SELF = YES;
				CLANG_WARN_OBJC_LITERAL_CONVERSION = YES;
				CLANG_WARN_OBJC_ROOT_CLASS = YES_ERROR;
				CLANG_WARN_QUOTED_INCLUDE_IN_FRAMEWORK_HEADER = YES;
				CLANG_WARN_RANGE_LOOP_ANALYSIS = YES;
				CLANG_WARN_STRICT_PROTOTYPES = YES;
				CLANG_WARN_SUSPICIOUS_MOVE = YES;
				CLANG_WARN_UNGUARDED_AVAILABILITY = YES_AGGRESSIVE;
				CLANG_WARN_UNREACHABLE_CODE = YES;
				CLANG_WARN__DUPLICATE_METHOD_MATCH = YES;
				COPY_PHASE_STRIP = NO;
				DEBUG_INFORMATION_FORMAT = dwarf;
				ENABLE_STRICT_OBJC_MSGSEND = YES;
				ENABLE_TESTABILITY = YES;
				GCC_C_LANGUAGE_STANDARD = gnu11;
				GCC_DYNAMIC_NO_PIC = NO;
				GCC_NO_COMMON_BLOCKS = YES;
				GCC_OPTIMIZATION_LEVEL = 0;
				GCC_PREPROCESSOR_DEFINITIONS = (
					"DEBUG=1",
					"$(inherited)",
				);
				GCC_WARN_64_TO_32_BIT_CONVERSION = YES;
				GCC_WARN_ABOUT_RETURN_TYPE = YES_ERROR;
				GCC_WARN_UNDECLARED_SELECTOR = YES;
				GCC_WARN_UNINITIALIZED_AUTOS = YES_AGGRESSIVE;
				GCC_WARN_UNUSED_FUNCTION = YES;
				GCC_WARN_UNUSED_VARIABLE = YES;
				IPHONEOS_DEPLOYMENT_TARGET = 15.2;
				MTL_ENABLE_DEBUG_INFO = INCLUDE_SOURCE;
				MTL_FAST_MATH = YES;
				ONLY_ACTIVE_ARCH = YES;
				SDKROOT = iphoneos;
				SWIFT_ACTIVE_COMPILATION_CONDITIONS = DEBUG;
				SWIFT_OPTIMIZATION_LEVEL = "-Onone";
			};
			name = Debug;
		};
		D71B256927DECD59009A0A97 /* Release */ = {
			isa = XCBuildConfiguration;
			buildSettings = {
				ALWAYS_SEARCH_USER_PATHS = NO;
				CLANG_ANALYZER_NONNULL = YES;
				CLANG_ANALYZER_NUMBER_OBJECT_CONVERSION = YES_AGGRESSIVE;
				CLANG_CXX_LANGUAGE_STANDARD = "gnu++17";
				CLANG_CXX_LIBRARY = "libc++";
				CLANG_ENABLE_MODULES = YES;
				CLANG_ENABLE_OBJC_ARC = YES;
				CLANG_ENABLE_OBJC_WEAK = YES;
				CLANG_WARN_BLOCK_CAPTURE_AUTORELEASING = YES;
				CLANG_WARN_BOOL_CONVERSION = YES;
				CLANG_WARN_COMMA = YES;
				CLANG_WARN_CONSTANT_CONVERSION = YES;
				CLANG_WARN_DEPRECATED_OBJC_IMPLEMENTATIONS = YES;
				CLANG_WARN_DIRECT_OBJC_ISA_USAGE = YES_ERROR;
				CLANG_WARN_DOCUMENTATION_COMMENTS = YES;
				CLANG_WARN_EMPTY_BODY = YES;
				CLANG_WARN_ENUM_CONVERSION = YES;
				CLANG_WARN_INFINITE_RECURSION = YES;
				CLANG_WARN_INT_CONVERSION = YES;
				CLANG_WARN_NON_LITERAL_NULL_CONVERSION = YES;
				CLANG_WARN_OBJC_IMPLICIT_RETAIN_SELF = YES;
				CLANG_WARN_OBJC_LITERAL_CONVERSION = YES;
				CLANG_WARN_OBJC_ROOT_CLASS = YES_ERROR;
				CLANG_WARN_QUOTED_INCLUDE_IN_FRAMEWORK_HEADER = YES;
				CLANG_WARN_RANGE_LOOP_ANALYSIS = YES;
				CLANG_WARN_STRICT_PROTOTYPES = YES;
				CLANG_WARN_SUSPICIOUS_MOVE = YES;
				CLANG_WARN_UNGUARDED_AVAILABILITY = YES_AGGRESSIVE;
				CLANG_WARN_UNREACHABLE_CODE = YES;
				CLANG_WARN__DUPLICATE_METHOD_MATCH = YES;
				COPY_PHASE_STRIP = NO;
				DEBUG_INFORMATION_FORMAT = "dwarf-with-dsym";
				ENABLE_NS_ASSERTIONS = NO;
				ENABLE_STRICT_OBJC_MSGSEND = YES;
				GCC_C_LANGUAGE_STANDARD = gnu11;
				GCC_NO_COMMON_BLOCKS = YES;
				GCC_WARN_64_TO_32_BIT_CONVERSION = YES;
				GCC_WARN_ABOUT_RETURN_TYPE = YES_ERROR;
				GCC_WARN_UNDECLARED_SELECTOR = YES;
				GCC_WARN_UNINITIALIZED_AUTOS = YES_AGGRESSIVE;
				GCC_WARN_UNUSED_FUNCTION = YES;
				GCC_WARN_UNUSED_VARIABLE = YES;
				IPHONEOS_DEPLOYMENT_TARGET = 15.2;
				MTL_ENABLE_DEBUG_INFO = NO;
				MTL_FAST_MATH = YES;
				SDKROOT = iphoneos;
				SWIFT_COMPILATION_MODE = wholemodule;
				SWIFT_OPTIMIZATION_LEVEL = "-O";
				VALIDATE_PRODUCT = YES;
			};
			name = Release;
		};
		D71B256B27DECD59009A0A97 /* Debug */ = {
			isa = XCBuildConfiguration;
			buildSettings = {
				ASSETCATALOG_COMPILER_APPICON_NAME = AppIcon;
				ASSETCATALOG_COMPILER_GLOBAL_ACCENT_COLOR_NAME = AccentColor;
				CODE_SIGN_STYLE = Automatic;
				CURRENT_PROJECT_VERSION = 1;
				DEVELOPMENT_TEAM = 5S4TMVFBL9;
				GENERATE_INFOPLIST_FILE = YES;
				INFOPLIST_FILE = MultipleCustomcells/Info.plist;
				INFOPLIST_KEY_UIApplicationSupportsIndirectInputEvents = YES;
				INFOPLIST_KEY_UILaunchStoryboardName = LaunchScreen;
				INFOPLIST_KEY_UIMainStoryboardFile = Main;
				INFOPLIST_KEY_UISupportedInterfaceOrientations_iPad = "UIInterfaceOrientationPortrait UIInterfaceOrientationPortraitUpsideDown UIInterfaceOrientationLandscapeLeft UIInterfaceOrientationLandscapeRight";
				INFOPLIST_KEY_UISupportedInterfaceOrientations_iPhone = "UIInterfaceOrientationPortrait UIInterfaceOrientationLandscapeLeft UIInterfaceOrientationLandscapeRight";
				LD_RUNPATH_SEARCH_PATHS = (
					"$(inherited)",
					"@executable_path/Frameworks",
				);
				MARKETING_VERSION = 1.0;
				PRODUCT_BUNDLE_IDENTIFIER = vailed.MultipleCustomcells;
				PRODUCT_NAME = "$(TARGET_NAME)";
				SWIFT_EMIT_LOC_STRINGS = YES;
				SWIFT_VERSION = 5.0;
				TARGETED_DEVICE_FAMILY = "1,2";
			};
			name = Debug;
		};
		D71B256C27DECD59009A0A97 /* Release */ = {
			isa = XCBuildConfiguration;
			buildSettings = {
				ASSETCATALOG_COMPILER_APPICON_NAME = AppIcon;
				ASSETCATALOG_COMPILER_GLOBAL_ACCENT_COLOR_NAME = AccentColor;
				CODE_SIGN_STYLE = Automatic;
				CURRENT_PROJECT_VERSION = 1;
				DEVELOPMENT_TEAM = 5S4TMVFBL9;
				GENERATE_INFOPLIST_FILE = YES;
				INFOPLIST_FILE = MultipleCustomcells/Info.plist;
				INFOPLIST_KEY_UIApplicationSupportsIndirectInputEvents = YES;
				INFOPLIST_KEY_UILaunchStoryboardName = LaunchScreen;
				INFOPLIST_KEY_UIMainStoryboardFile = Main;
				INFOPLIST_KEY_UISupportedInterfaceOrientations_iPad = "UIInterfaceOrientationPortrait UIInterfaceOrientationPortraitUpsideDown UIInterfaceOrientationLandscapeLeft UIInterfaceOrientationLandscapeRight";
				INFOPLIST_KEY_UISupportedInterfaceOrientations_iPhone = "UIInterfaceOrientationPortrait UIInterfaceOrientationLandscapeLeft UIInterfaceOrientationLandscapeRight";
				LD_RUNPATH_SEARCH_PATHS = (
					"$(inherited)",
					"@executable_path/Frameworks",
				);
				MARKETING_VERSION = 1.0;
				PRODUCT_BUNDLE_IDENTIFIER = vailed.MultipleCustomcells;
				PRODUCT_NAME = "$(TARGET_NAME)";
				SWIFT_EMIT_LOC_STRINGS = YES;
				SWIFT_VERSION = 5.0;
				TARGETED_DEVICE_FAMILY = "1,2";
			};
			name = Release;
		};
/* End XCBuildConfiguration section */

/* Begin XCConfigurationList section */
		D71B255127DECD59009A0A97 /* Build configuration list for PBXProject "MultipleCustomcells" */ = {
			isa = XCConfigurationList;
			buildConfigurations = (
				D71B256827DECD59009A0A97 /* Debug */,
				D71B256927DECD59009A0A97 /* Release */,
			);
			defaultConfigurationIsVisible = 0;
			defaultConfigurationName = Release;
		};
		D71B256A27DECD59009A0A97 /* Build configuration list for PBXNativeTarget "MultipleCustomcells" */ = {
			isa = XCConfigurationList;
			buildConfigurations = (
				D71B256B27DECD59009A0A97 /* Debug */,
				D71B256C27DECD59009A0A97 /* Release */,
			);
			defaultConfigurationIsVisible = 0;
			defaultConfigurationName = Release;
		};
/* End XCConfigurationList section */
	};
	rootObject = D71B254E27DECD59009A0A97 /* Project object */;
}
